
Microsoft Visual Studio Solution File, Format Version 12.00
# Visual Studio Version 16
VisualStudioVersion = 16.0.29215.179
MinimumVisualStudioVersion = 10.0.40219.1
Project("{9A19103F-16F7-4668-BE54-9A1E7A4F7556}") = "tvz2api-cqrs", "tvz2api-cqrs.csproj", "{9C3870B9-9785-41FA-8368-6A3FAC0C4719}"
EndProject
Global
	GlobalSection(SolutionConfigurationPlatforms) = preSolution
		Debug|Any CPU = Debug|Any CPU
		Release|Any CPU = Release|Any CPU
	EndGlobalSection
	GlobalSection(ProjectConfigurationPlatforms) = postSolution
		{9C3870B9-9785-41FA-8368-6A3FAC0C4719}.Debug|Any CPU.ActiveCfg = Debug|Any CPU
		{9C3870B9-9785-41FA-8368-6A3FAC0C4719}.Debug|Any CPU.Build.0 = Debug|Any CPU
		{9C3870B9-9785-41FA-8368-6A3FAC0C4719}.Release|Any CPU.ActiveCfg = Release|Any CPU
		{9C3870B9-9785-41FA-8368-6A3FAC0C4719}.Release|Any CPU.Build.0 = Release|Any CPU
	EndGlobalSection
	GlobalSection(SolutionProperties) = preSolution
		HideSolutionNode = FALSE
	EndGlobalSection
	GlobalSection(ExtensibilityGlobals) = postSolution
		SolutionGuid = {2553C6E2-D81B-4374-8FC0-86DFF0D0B5B7}
	EndGlobalSection
EndGlobal
